
Microsoft Visual Studio Solution File, Format Version 12.00
# Visual Studio Version 17
VisualStudioVersion = 17.11.35222.181
MinimumVisualStudioVersion = 10.0.40219.1
Project("{8BC9CEB8-8B4A-11D0-8D11-00A0C91BC942}") = "AD.PayReport", "AD.PayReport\AD.PayReport.vcxproj", "{5AF9ECAB-B861-4BF7-B80A-410C4680F35D}"
EndProject
Global
	GlobalSection(SolutionConfigurationPlatforms) = preSolution
		Debug|x64 = Debug|x64
		Debug|x86 = Debug|x86
		Release|x64 = Release|x64
		Release|x86 = Release|x86
	EndGlobalSection
	GlobalSection(ProjectConfigurationPlatforms) = postSolution
		{5AF9ECAB-B861-4BF7-B80A-410C4680F35D}.Debug|x64.ActiveCfg = Debug|x64
		{5AF9ECAB-B861-4BF7-B80A-410C4680F35D}.Debug|x64.Build.0 = Debug|x64
		{5AF9ECAB-B861-4BF7-B80A-410C4680F35D}.Debug|x86.ActiveCfg = Debug|Win32
		{5AF9ECAB-B861-4BF7-B80A-410C4680F35D}.Debug|x86.Build.0 = Debug|Win32
		{5AF9ECAB-B861-4BF7-B80A-410C4680F35D}.Release|x64.ActiveCfg = Release|x64
		{5AF9ECAB-B861-4BF7-B80A-410C4680F35D}.Release|x64.Build.0 = Release|x64
		{5AF9ECAB-B861-4BF7-B80A-410C4680F35D}.Release|x86.ActiveCfg = Release|Win32
		{5AF9ECAB-B861-4BF7-B80A-410C4680F35D}.Release|x86.Build.0 = Release|Win32
	EndGlobalSection
	GlobalSection(SolutionProperties) = preSolution
		HideSolutionNode = FALSE
	EndGlobalSection
	GlobalSection(ExtensibilityGlobals) = postSolution
		SolutionGuid = {6B82EF83-626F-4CB3-B286-F6FB29F5C4A4}
	EndGlobalSection
EndGlobal
